// !$*UTF8*$!
{
	archiveVersion = 1;
	classes = {
	};
	objectVersion = 46;
	objects = {

/* Begin PBXBuildFile section */
		79A002AE1D596D2200A83C81 /* main.m in Sources */ = {isa = PBXBuildFile; fileRef = 79A002AD1D596D2200A83C81 /* main.m */; };
		79A002B11D596D2200A83C81 /* AppDelegate.m in Sources */ = {isa = PBXBuildFile; fileRef = 79A002B01D596D2200A83C81 /* AppDelegate.m */; };
		79A002B41D596D2200A83C81 /* ViewController.m in Sources */ = {isa = PBXBuildFile; fileRef = 79A002B31D596D2200A83C81 /* ViewController.m */; };
		79A002B71D596D2200A83C81 /* Main.storyboard in Resources */ = {isa = PBXBuildFile; fileRef = 79A002B51D596D2200A83C81 /* Main.storyboard */; };
		79A002B91D596D2200A83C81 /* Assets.xcassets in Resources */ = {isa = PBXBuildFile; fileRef = 79A002B81D596D2200A83C81 /* Assets.xcassets */; };
		79A002BC1D596D2200A83C81 /* LaunchScreen.storyboard in Resources */ = {isa = PBXBuildFile; fileRef = 79A002BA1D596D2200A83C81 /* LaunchScreen.storyboard */; };
		79A002C71D596D2200A83C81 /* BuilderPatternTests.m in Sources */ = {isa = PBXBuildFile; fileRef = 79A002C61D596D2200A83C81 /* BuilderPatternTests.m */; };
		79A002D21D596D2200A83C81 /* BuilderPatternUITests.m in Sources */ = {isa = PBXBuildFile; fileRef = 79A002D11D596D2200A83C81 /* BuilderPatternUITests.m */; };
		79A002E21D596DE700A83C81 /* Character.m in Sources */ = {isa = PBXBuildFile; fileRef = 79A002E11D596DE700A83C81 /* Character.m */; settings = {ASSET_TAGS = (); }; };
		79A002E51D596F4700A83C81 /* CharacterBuilder.m in Sources */ = {isa = PBXBuildFile; fileRef = 79A002E41D596F4700A83C81 /* CharacterBuilder.m */; settings = {ASSET_TAGS = (); }; };
		79A002E81D5972D300A83C81 /* StandardCharacterBuilder.m in Sources */ = {isa = PBXBuildFile; fileRef = 79A002E71D5972D300A83C81 /* StandardCharacterBuilder.m */; settings = {ASSET_TAGS = (); }; };
		79A002EB1D59759200A83C81 /* ChasingGame.m in Sources */ = {isa = PBXBuildFile; fileRef = 79A002EA1D59759200A83C81 /* ChasingGame.m */; settings = {ASSET_TAGS = (); }; };
/* End PBXBuildFile section */

/* Begin PBXContainerItemProxy section */
		79A002C31D596D2200A83C81 /* PBXContainerItemProxy */ = {
			isa = PBXContainerItemProxy;
			containerPortal = 79A002A11D596D2200A83C81 /* Project object */;
			proxyType = 1;
			remoteGlobalIDString = 79A002A81D596D2200A83C81;
			remoteInfo = BuilderPattern;
		};
		79A002CE1D596D2200A83C81 /* PBXContainerItemProxy */ = {
			isa = PBXContainerItemProxy;
			containerPortal = 79A002A11D596D2200A83C81 /* Project object */;
			proxyType = 1;
			remoteGlobalIDString = 79A002A81D596D2200A83C81;
			remoteInfo = BuilderPattern;
		};
/* End PBXContainerItemProxy section */

/* Begin PBXFileReference section */
		79A002A91D596D2200A83C81 /* BuilderPattern.app */ = {isa = PBXFileReference; explicitFileType = wrapper.application; includeInIndex = 0; path = BuilderPattern.app; sourceTree = BUILT_PRODUCTS_DIR; };
		79A002AD1D596D2200A83C81 /* main.m */ = {isa = PBXFileReference; lastKnownFileType = sourcecode.c.objc; path = main.m; sourceTree = "<group>"; };
		79A002AF1D596D2200A83C81 /* AppDelegate.h */ = {isa = PBXFileReference; lastKnownFileType = sourcecode.c.h; path = AppDelegate.h; sourceTree = "<group>"; };
		79A002B01D596D2200A83C81 /* AppDelegate.m */ = {isa = PBXFileReference; lastKnownFileType = sourcecode.c.objc; path = AppDelegate.m; sourceTree = "<group>"; };
		79A002B21D596D2200A83C81 /* ViewController.h */ = {isa = PBXFileReference; lastKnownFileType = sourcecode.c.h; path = ViewController.h; sourceTree = "<group>"; };
		79A002B31D596D2200A83C81 /* ViewController.m */ = {isa = PBXFileReference; lastKnownFileType = sourcecode.c.objc; path = ViewController.m; sourceTree = "<group>"; };
		79A002B61D596D2200A83C81 /* Base */ = {isa = PBXFileReference; lastKnownFileType = file.storyboard; name = Base; path = Base.lproj/Main.storyboard; sourceTree = "<group>"; };
		79A002B81D596D2200A83C81 /* Assets.xcassets */ = {isa = PBXFileReference; lastKnownFileType = folder.assetcatalog; path = Assets.xcassets; sourceTree = "<group>"; };
		79A002BB1D596D2200A83C81 /* Base */ = {isa = PBXFileReference; lastKnownFileType = file.storyboard; name = Base; path = Base.lproj/LaunchScreen.storyboard; sourceTree = "<group>"; };
		79A002BD1D596D2200A83C81 /* Info.plist */ = {isa = PBXFileReference; lastKnownFileType = text.plist.xml; path = Info.plist; sourceTree = "<group>"; };
		79A002C21D596D2200A83C81 /* BuilderPatternTests.xctest */ = {isa = PBXFileReference; explicitFileType = wrapper.cfbundle; includeInIndex = 0; path = BuilderPatternTests.xctest; sourceTree = BUILT_PRODUCTS_DIR; };
		79A002C61D596D2200A83C81 /* BuilderPatternTests.m */ = {isa = PBXFileReference; lastKnownFileType = sourcecode.c.objc; path = BuilderPatternTests.m; sourceTree = "<group>"; };
		79A002C81D596D2200A83C81 /* Info.plist */ = {isa = PBXFileReference; lastKnownFileType = text.plist.xml; path = Info.plist; sourceTree = "<group>"; };
		79A002CD1D596D2200A83C81 /* BuilderPatternUITests.xctest */ = {isa = PBXFileReference; explicitFileType = wrapper.cfbundle; includeInIndex = 0; path = BuilderPatternUITests.xctest; sourceTree = BUILT_PRODUCTS_DIR; };
		79A002D11D596D2200A83C81 /* BuilderPatternUITests.m */ = {isa = PBXFileReference; lastKnownFileType = sourcecode.c.objc; path = BuilderPatternUITests.m; sourceTree = "<group>"; };
		79A002D31D596D2200A83C81 /* Info.plist */ = {isa = PBXFileReference; lastKnownFileType = text.plist.xml; path = Info.plist; sourceTree = "<group>"; };
		79A002E01D596DE700A83C81 /* Character.h */ = {isa = PBXFileReference; fileEncoding = 4; lastKnownFileType = sourcecode.c.h; path = Character.h; sourceTree = "<group>"; };
		79A002E11D596DE700A83C81 /* Character.m */ = {isa = PBXFileReference; fileEncoding = 4; lastKnownFileType = sourcecode.c.objc; path = Character.m; sourceTree = "<group>"; };
		79A002E31D596F4700A83C81 /* CharacterBuilder.h */ = {isa = PBXFileReference; fileEncoding = 4; lastKnownFileType = sourcecode.c.h; path = CharacterBuilder.h; sourceTree = "<group>"; };
		79A002E41D596F4700A83C81 /* CharacterBuilder.m */ = {isa = PBXFileReference; fileEncoding = 4; lastKnownFileType = sourcecode.c.objc; path = CharacterBuilder.m; sourceTree = "<group>"; };
		79A002E61D5972D300A83C81 /* StandardCharacterBuilder.h */ = {isa = PBXFileReference; fileEncoding = 4; lastKnownFileType = sourcecode.c.h; path = StandardCharacterBuilder.h; sourceTree = "<group>"; };
		79A002E71D5972D300A83C81 /* StandardCharacterBuilder.m */ = {isa = PBXFileReference; fileEncoding = 4; lastKnownFileType = sourcecode.c.objc; path = StandardCharacterBuilder.m; sourceTree = "<group>"; };
		79A002E91D59759200A83C81 /* ChasingGame.h */ = {isa = PBXFileReference; fileEncoding = 4; lastKnownFileType = sourcecode.c.h; path = ChasingGame.h; sourceTree = "<group>"; };
		79A002EA1D59759200A83C81 /* ChasingGame.m */ = {isa = PBXFileReference; fileEncoding = 4; lastKnownFileType = sourcecode.c.objc; path = ChasingGame.m; sourceTree = "<group>"; };
/* End PBXFileReference section */

/* Begin PBXFrameworksBuildPhase section */
		79A002A61D596D2200A83C81 /* Frameworks */ = {
			isa = PBXFrameworksBuildPhase;
			buildActionMask = 2147483647;
			files = (
			);
			runOnlyForDeploymentPostprocessing = 0;
		};
		79A002BF1D596D2200A83C81 /* Frameworks */ = {
			isa = PBXFrameworksBuildPhase;
			buildActionMask = 2147483647;
			files = (
			);
			runOnlyForDeploymentPostprocessing = 0;
		};
		79A002CA1D596D2200A83C81 /* Frameworks */ = {
			isa = PBXFrameworksBuildPhase;
			buildActionMask = 2147483647;
			files = (
			);
			runOnlyForDeploymentPostprocessing = 0;
		};
/* End PBXFrameworksBuildPhase section */

/* Begin PBXGroup section */
		79A002A01D596D2200A83C81 = {
			isa = PBXGroup;
			children = (
				79A002AB1D596D2200A83C81 /* BuilderPattern */,
				79A002C51D596D2200A83C81 /* BuilderPatternTests */,
				79A002D01D596D2200A83C81 /* BuilderPatternUITests */,
				79A002AA1D596D2200A83C81 /* Products */,
			);
			sourceTree = "<group>";
		};
		79A002AA1D596D2200A83C81 /* Products */ = {
			isa = PBXGroup;
			children = (
				79A002A91D596D2200A83C81 /* BuilderPattern.app */,
				79A002C21D596D2200A83C81 /* BuilderPatternTests.xctest */,
				79A002CD1D596D2200A83C81 /* BuilderPatternUITests.xctest */,
			);
			name = Products;
			sourceTree = "<group>";
		};
		79A002AB1D596D2200A83C81 /* BuilderPattern */ = {
			isa = PBXGroup;
			children = (
				79A002DF1D596D9000A83C81 /* bulider */,
				79A002AF1D596D2200A83C81 /* AppDelegate.h */,
				79A002B01D596D2200A83C81 /* AppDelegate.m */,
				79A002B21D596D2200A83C81 /* ViewController.h */,
				79A002B31D596D2200A83C81 /* ViewController.m */,
				79A002B51D596D2200A83C81 /* Main.storyboard */,
				79A002B81D596D2200A83C81 /* Assets.xcassets */,
				79A002BA1D596D2200A83C81 /* LaunchScreen.storyboard */,
				79A002BD1D596D2200A83C81 /* Info.plist */,
				79A002AC1D596D2200A83C81 /* Supporting Files */,
			);
			path = BuilderPattern;
			sourceTree = "<group>";
		};
		79A002AC1D596D2200A83C81 /* Supporting Files */ = {
			isa = PBXGroup;
			children = (
				79A002AD1D596D2200A83C81 /* main.m */,
			);
			name = "Supporting Files";
			sourceTree = "<group>";
		};
		79A002C51D596D2200A83C81 /* BuilderPatternTests */ = {
			isa = PBXGroup;
			children = (
				79A002C61D596D2200A83C81 /* BuilderPatternTests.m */,
				79A002C81D596D2200A83C81 /* Info.plist */,
			);
			path = BuilderPatternTests;
			sourceTree = "<group>";
		};
		79A002D01D596D2200A83C81 /* BuilderPatternUITests */ = {
			isa = PBXGroup;
			children = (
				79A002D11D596D2200A83C81 /* BuilderPatternUITests.m */,
				79A002D31D596D2200A83C81 /* Info.plist */,
			);
			path = BuilderPatternUITests;
			sourceTree = "<group>";
		};
		79A002DF1D596D9000A83C81 /* bulider */ = {
			isa = PBXGroup;
			children = (
				79A002E01D596DE700A83C81 /* Character.h */,
				79A002E11D596DE700A83C81 /* Character.m */,
				79A002E31D596F4700A83C81 /* CharacterBuilder.h */,
				79A002E41D596F4700A83C81 /* CharacterBuilder.m */,
				79A002E61D5972D300A83C81 /* StandardCharacterBuilder.h */,
				79A002E71D5972D300A83C81 /* StandardCharacterBuilder.m */,
				79A002E91D59759200A83C81 /* ChasingGame.h */,
				79A002EA1D59759200A83C81 /* ChasingGame.m */,
			);
			name = bulider;
			sourceTree = "<group>";
		};
/* End PBXGroup section */

/* Begin PBXNativeTarget section */
		79A002A81D596D2200A83C81 /* BuilderPattern */ = {
			isa = PBXNativeTarget;
			buildConfigurationList = 79A002D61D596D2200A83C81 /* Build configuration list for PBXNativeTarget "BuilderPattern" */;
			buildPhases = (
				79A002A51D596D2200A83C81 /* Sources */,
				79A002A61D596D2200A83C81 /* Frameworks */,
				79A002A71D596D2200A83C81 /* Resources */,
			);
			buildRules = (
			);
			dependencies = (
			);
			name = BuilderPattern;
			productName = BuilderPattern;
			productReference = 79A002A91D596D2200A83C81 /* BuilderPattern.app */;
			productType = "com.apple.product-type.application";
		};
		79A002C11D596D2200A83C81 /* BuilderPatternTests */ = {
			isa = PBXNativeTarget;
			buildConfigurationList = 79A002D91D596D2200A83C81 /* Build configuration list for PBXNativeTarget "BuilderPatternTests" */;
			buildPhases = (
				79A002BE1D596D2200A83C81 /* Sources */,
				79A002BF1D596D2200A83C81 /* Frameworks */,
				79A002C01D596D2200A83C81 /* Resources */,
			);
			buildRules = (
			);
			dependencies = (
				79A002C41D596D2200A83C81 /* PBXTargetDependency */,
			);
			name = BuilderPatternTests;
			productName = BuilderPatternTests;
			productReference = 79A002C21D596D2200A83C81 /* BuilderPatternTests.xctest */;
			productType = "com.apple.product-type.bundle.unit-test";
		};
		79A002CC1D596D2200A83C81 /* BuilderPatternUITests */ = {
			isa = PBXNativeTarget;
			buildConfigurationList = 79A002DC1D596D2200A83C81 /* Build configuration list for PBXNativeTarget "BuilderPatternUITests" */;
			buildPhases = (
				79A002C91D596D2200A83C81 /* Sources */,
				79A002CA1D596D2200A83C81 /* Frameworks */,
				79A002CB1D596D2200A83C81 /* Resources */,
			);
			buildRules = (
			);
			dependencies = (
				79A002CF1D596D2200A83C81 /* PBXTargetDependency */,
			);
			name = BuilderPatternUITests;
			productName = BuilderPatternUITests;
			productReference = 79A002CD1D596D2200A83C81 /* BuilderPatternUITests.xctest */;
			productType = "com.apple.product-type.bundle.ui-testing";
		};
/* End PBXNativeTarget section */

/* Begin PBXProject section */
		79A002A11D596D2200A83C81 /* Project object */ = {
			isa = PBXProject;
			attributes = {
				LastUpgradeCheck = 0700;
				ORGANIZATIONNAME = Richard;
				TargetAttributes = {
					79A002A81D596D2200A83C81 = {
						CreatedOnToolsVersion = 7.0.1;
					};
					79A002C11D596D2200A83C81 = {
						CreatedOnToolsVersion = 7.0.1;
						TestTargetID = 79A002A81D596D2200A83C81;
					};
					79A002CC1D596D2200A83C81 = {
						CreatedOnToolsVersion = 7.0.1;
						TestTargetID = 79A002A81D596D2200A83C81;
					};
				};
			};
			buildConfigurationList = 79A002A41D596D2200A83C81 /* Build configuration list for PBXProject "BuilderPattern" */;
			compatibilityVersion = "Xcode 3.2";
			developmentRegion = English;
			hasScannedForEncodings = 0;
			knownRegions = (
				en,
				Base,
			);
			mainGroup = 79A002A01D596D2200A83C81;
			productRefGroup = 79A002AA1D596D2200A83C81 /* Products */;
			projectDirPath = "";
			projectRoot = "";
			targets = (
				79A002A81D596D2200A83C81 /* BuilderPattern */,
				79A002C11D596D2200A83C81 /* BuilderPatternTests */,
				79A002CC1D596D2200A83C81 /* BuilderPatternUITests */,
			);
		};
/* End PBXProject section */

/* Begin PBXResourcesBuildPhase section */
		79A002A71D596D2200A83C81 /* Resources */ = {
			isa = PBXResourcesBuildPhase;
			buildActionMask = 2147483647;
			files = (
				79A002BC1D596D2200A83C81 /* LaunchScreen.storyboard in Resources */,
				79A002B91D596D2200A83C81 /* Assets.xcassets in Resources */,
				79A002B71D596D2200A83C81 /* Main.storyboard in Resources */,
			);
			runOnlyForDeploymentPostprocessing = 0;
		};
		79A002C01D596D2200A83C81 /* Resources */ = {
			isa = PBXResourcesBuildPhase;
			buildActionMask = 2147483647;
			files = (
			);
			runOnlyForDeploymentPostprocessing = 0;
		};
		79A002CB1D596D2200A83C81 /* Resources */ = {
			isa = PBXResourcesBuildPhase;
			buildActionMask = 2147483647;
			files = (
			);
			runOnlyForDeploymentPostprocessing = 0;
		};
/* End PBXResourcesBuildPhase section */

/* Begin PBXSourcesBuildPhase section */
		79A002A51D596D2200A83C81 /* Sources */ = {
			isa = PBXSourcesBuildPhase;
			buildActionMask = 2147483647;
			files = (
				79A002E51D596F4700A83C81 /* CharacterBuilder.m in Sources */,
				79A002B41D596D2200A83C81 /* ViewController.m in Sources */,
				79A002B11D596D2200A83C81 /* AppDelegate.m in Sources */,
				79A002AE1D596D2200A83C81 /* main.m in Sources */,
				79A002E81D5972D300A83C81 /* StandardCharacterBuilder.m in Sources */,
				79A002EB1D59759200A83C81 /* ChasingGame.m in Sources */,
				79A002E21D596DE700A83C81 /* Character.m in Sources */,
			);
			runOnlyForDeploymentPostprocessing = 0;
		};
		79A002BE1D596D2200A83C81 /* Sources */ = {
			isa = PBXSourcesBuildPhase;
			buildActionMask = 2147483647;
			files = (
				79A002C71D596D2200A83C81 /* BuilderPatternTests.m in Sources */,
			);
			runOnlyForDeploymentPostprocessing = 0;
		};
		79A002C91D596D2200A83C81 /* Sources */ = {
			isa = PBXSourcesBuildPhase;
			buildActionMask = 2147483647;
			files = (
				79A002D21D596D2200A83C81 /* BuilderPatternUITests.m in Sources */,
			);
			runOnlyForDeploymentPostprocessing = 0;
		};
/* End PBXSourcesBuildPhase section */

/* Begin PBXTargetDependency section */
		79A002C41D596D2200A83C81 /* PBXTargetDependency */ = {
			isa = PBXTargetDependency;
			target = 79A002A81D596D2200A83C81 /* BuilderPattern */;
			targetProxy = 79A002C31D596D2200A83C81 /* PBXContainerItemProxy */;
		};
		79A002CF1D596D2200A83C81 /* PBXTargetDependency */ = {
			isa = PBXTargetDependency;
			target = 79A002A81D596D2200A83C81 /* BuilderPattern */;
			targetProxy = 79A002CE1D596D2200A83C81 /* PBXContainerItemProxy */;
		};
/* End PBXTargetDependency section */

/* Begin PBXVariantGroup section */
		79A002B51D596D2200A83C81 /* Main.storyboard */ = {
			isa = PBXVariantGroup;
			children = (
				79A002B61D596D2200A83C81 /* Base */,
			);
			name = Main.storyboard;
			sourceTree = "<group>";
		};
		79A002BA1D596D2200A83C81 /* LaunchScreen.storyboard */ = {
			isa = PBXVariantGroup;
			children = (
				79A002BB1D596D2200A83C81 /* Base */,
			);
			name = LaunchScreen.storyboard;
			sourceTree = "<group>";
		};
/* End PBXVariantGroup section */

/* Begin XCBuildConfiguration section */
		79A002D41D596D2200A83C81 /* Debug */ = {
			isa = XCBuildConfiguration;
			buildSettings = {
				ALWAYS_SEARCH_USER_PATHS = NO;
				CLANG_CXX_LANGUAGE_STANDARD = "gnu++0x";
				CLANG_CXX_LIBRARY = "libc++";
				CLANG_ENABLE_MODULES = YES;
				CLANG_ENABLE_OBJC_ARC = YES;
				CLANG_WARN_BOOL_CONVERSION = YES;
				CLANG_WARN_CONSTANT_CONVERSION = YES;
				CLANG_WARN_DIRECT_OBJC_ISA_USAGE = YES_ERROR;
				CLANG_WARN_EMPTY_BODY = YES;
				CLANG_WARN_ENUM_CONVERSION = YES;
				CLANG_WARN_INT_CONVERSION = YES;
				CLANG_WARN_OBJC_ROOT_CLASS = YES_ERROR;
				CLANG_WARN_UNREACHABLE_CODE = YES;
				CLANG_WARN__DUPLICATE_METHOD_MATCH = YES;
				"CODE_SIGN_IDENTITY[sdk=iphoneos*]" = "iPhone Developer";
				COPY_PHASE_STRIP = NO;
				DEBUG_INFORMATION_FORMAT = dwarf;
				ENABLE_STRICT_OBJC_MSGSEND = YES;
				ENABLE_TESTABILITY = YES;
				GCC_C_LANGUAGE_STANDARD = gnu99;
				GCC_DYNAMIC_NO_PIC = NO;
				GCC_NO_COMMON_BLOCKS = YES;
				GCC_OPTIMIZATION_LEVEL = 0;
				GCC_PREPROCESSOR_DEFINITIONS = (
					"DEBUG=1",
					"$(inherited)",
				);
				GCC_WARN_64_TO_32_BIT_CONVERSION = YES;
				GCC_WARN_ABOUT_RETURN_TYPE = YES_ERROR;
				GCC_WARN_UNDECLARED_SELECTOR = YES;
				GCC_WARN_UNINITIALIZED_AUTOS = YES_AGGRESSIVE;
				GCC_WARN_UNUSED_FUNCTION = YES;
				GCC_WARN_UNUSED_VARIABLE = YES;
				IPHONEOS_DEPLOYMENT_TARGET = 9.0;
				MTL_ENABLE_DEBUG_INFO = YES;
				ONLY_ACTIVE_ARCH = YES;
				SDKROOT = iphoneos;
			};
			name = Debug;
		};
		79A002D51D596D2200A83C81 /* Release */ = {
			isa = XCBuildConfiguration;
			buildSettings = {
				ALWAYS_SEARCH_USER_PATHS = NO;
				CLANG_CXX_LANGUAGE_STANDARD = "gnu++0x";
				CLANG_CXX_LIBRARY = "libc++";
				CLANG_ENABLE_MODULES = YES;
				CLANG_ENABLE_OBJC_ARC = YES;
				CLANG_WARN_BOOL_CONVERSION = YES;
				CLANG_WARN_CONSTANT_CONVERSION = YES;
				CLANG_WARN_DIRECT_OBJC_ISA_USAGE = YES_ERROR;
				CLANG_WARN_EMPTY_BODY = YES;
				CLANG_WARN_ENUM_CONVERSION = YES;
				CLANG_WARN_INT_CONVERSION = YES;
				CLANG_WARN_OBJC_ROOT_CLASS = YES_ERROR;
				CLANG_WARN_UNREACHABLE_CODE = YES;
				CLANG_WARN__DUPLICATE_METHOD_MATCH = YES;
				"CODE_SIGN_IDENTITY[sdk=iphoneos*]" = "iPhone Developer";
				COPY_PHASE_STRIP = NO;
				DEBUG_INFORMATION_FORMAT = "dwarf-with-dsym";
				ENABLE_NS_ASSERTIONS = NO;
				ENABLE_STRICT_OBJC_MSGSEND = YES;
				GCC_C_LANGUAGE_STANDARD = gnu99;
				GCC_NO_COMMON_BLOCKS = YES;
				GCC_WARN_64_TO_32_BIT_CONVERSION = YES;
				GCC_WARN_ABOUT_RETURN_TYPE = YES_ERROR;
				GCC_WARN_UNDECLARED_SELECTOR = YES;
				GCC_WARN_UNINITIALIZED_AUTOS = YES_AGGRESSIVE;
				GCC_WARN_UNUSED_FUNCTION = YES;
				GCC_WARN_UNUSED_VARIABLE = YES;
				IPHONEOS_DEPLOYMENT_TARGET = 9.0;
				MTL_ENABLE_DEBUG_INFO = NO;
				SDKROOT = iphoneos;
				VALIDATE_PRODUCT = YES;
			};
			name = Release;
		};
		79A002D71D596D2200A83C81 /* Debug */ = {
			isa = XCBuildConfiguration;
			buildSettings = {
				ASSETCATALOG_COMPILER_APPICON_NAME = AppIcon;
				INFOPLIST_FILE = BuilderPattern/Info.plist;
				LD_RUNPATH_SEARCH_PATHS = "$(inherited) @executable_path/Frameworks";
				PRODUCT_BUNDLE_IDENTIFIER = com.jd.BuilderPattern;
				PRODUCT_NAME = "$(TARGET_NAME)";
			};
			name = Debug;
		};
		79A002D81D596D2200A83C81 /* Release */ = {
			isa = XCBuildConfiguration;
			buildSettings = {
				ASSETCATALOG_COMPILER_APPICON_NAME = AppIcon;
				INFOPLIST_FILE = BuilderPattern/Info.plist;
				LD_RUNPATH_SEARCH_PATHS = "$(inherited) @executable_path/Frameworks";
				PRODUCT_BUNDLE_IDENTIFIER = com.jd.BuilderPattern;
				PRODUCT_NAME = "$(TARGET_NAME)";
			};
			name = Release;
		};
		79A002DA1D596D2200A83C81 /* Debug */ = {
			isa = XCBuildConfiguration;
			buildSettings = {
				BUNDLE_LOADER = "$(TEST_HOST)";
				INFOPLIST_FILE = BuilderPatternTests/Info.plist;
				LD_RUNPATH_SEARCH_PATHS = "$(inherited) @executable_path/Frameworks @loader_path/Frameworks";
				PRODUCT_BUNDLE_IDENTIFIER = com.jd.BuilderPatternTests;
				PRODUCT_NAME = "$(TARGET_NAME)";
				TEST_HOST = "$(BUILT_PRODUCTS_DIR)/BuilderPattern.app/BuilderPattern";
			};
			name = Debug;
		};
		79A002DB1D596D2200A83C81 /* Release */ = {
			isa = XCBuildConfiguration;
			buildSettings = {
				BUNDLE_LOADER = "$(TEST_HOST)";
				INFOPLIST_FILE = BuilderPatternTests/Info.plist;
				LD_RUNPATH_SEARCH_PATHS = "$(inherited) @executable_path/Frameworks @loader_path/Frameworks";
				PRODUCT_BUNDLE_IDENTIFIER = com.jd.BuilderPatternTests;
				PRODUCT_NAME = "$(TARGET_NAME)";
				TEST_HOST = "$(BUILT_PRODUCTS_DIR)/BuilderPattern.app/BuilderPattern";
			};
			name = Release;
		};
		79A002DD1D596D2200A83C81 /* Debug */ = {
			isa = XCBuildConfiguration;
			buildSettings = {
				INFOPLIST_FILE = BuilderPatternUITests/Info.plist;
				LD_RUNPATH_SEARCH_PATHS = "$(inherited) @executable_path/Frameworks @loader_path/Frameworks";
				PRODUCT_BUNDLE_IDENTIFIER = com.jd.BuilderPatternUITests;
				PRODUCT_NAME = "$(TARGET_NAME)";
				TEST_TARGET_NAME = BuilderPattern;
				USES_XCTRUNNER = YES;
			};
			name = Debug;
		};
		79A002DE1D596D2200A83C81 /* Release */ = {
			isa = XCBuildConfiguration;
			buildSettings = {
				INFOPLIST_FILE = BuilderPatternUITests/Info.plist;
				LD_RUNPATH_SEARCH_PATHS = "$(inherited) @executable_path/Frameworks @loader_path/Frameworks";
				PRODUCT_BUNDLE_IDENTIFIER = com.jd.BuilderPatternUITests;
				PRODUCT_NAME = "$(TARGET_NAME)";
				TEST_TARGET_NAME = BuilderPattern;
				USES_XCTRUNNER = YES;
			};
			name = Release;
		};
/* End XCBuildConfiguration section */

/* Begin XCConfigurationList section */
		79A002A41D596D2200A83C81 /* Build configuration list for PBXProject "BuilderPattern" */ = {
			isa = XCConfigurationList;
			buildConfigurations = (
				79A002D41D596D2200A83C81 /* Debug */,
				79A002D51D596D2200A83C81 /* Release */,
			);
			defaultConfigurationIsVisible = 0;
			defaultConfigurationName = Release;
		};
		79A002D61D596D2200A83C81 /* Build configuration list for PBXNativeTarget "BuilderPattern" */ = {
			isa = XCConfigurationList;
			buildConfigurations = (
				79A002D71D596D2200A83C81 /* Debug */,
				79A002D81D596D2200A83C81 /* Release */,
			);
			defaultConfigurationIsVisible = 0;
		};
		79A002D91D596D2200A83C81 /* Build configuration list for PBXNativeTarget "BuilderPatternTests" */ = {
			isa = XCConfigurationList;
			buildConfigurations = (
				79A002DA1D596D2200A83C81 /* Debug */,
				79A002DB1D596D2200A83C81 /* Release */,
			);
			defaultConfigurationIsVisible = 0;
		};
		79A002DC1D596D2200A83C81 /* Build configuration list for PBXNativeTarget "BuilderPatternUITests" */ = {
			isa = XCConfigurationList;
			buildConfigurations = (
				79A002DD1D596D2200A83C81 /* Debug */,
				79A002DE1D596D2200A83C81 /* Release */,
			);
			defaultConfigurationIsVisible = 0;
		};
/* End XCConfigurationList section */
	};
	rootObject = 79A002A11D596D2200A83C81 /* Project object */;
}
